
Microsoft Visual Studio Solution File, Format Version 12.00
# Visual Studio Version 17
VisualStudioVersion = 17.13.36105.23 d17.13
MinimumVisualStudioVersion = 10.0.40219.1
Project("{FAE04EC0-301F-11D3-BF4B-00C04F79EFBC}") = "Presentation", "Presentation\Presentation.csproj", "{3C2268B5-27FC-47BC-B208-4BD344DE365A}"
EndProject
Global
	GlobalSection(SolutionConfigurationPlatforms) = preSolution
		Debug|Any CPU = Debug|Any CPU
		Release|Any CPU = Release|Any CPU
	EndGlobalSection
	GlobalSection(ProjectConfigurationPlatforms) = postSolution
		{3C2268B5-27FC-47BC-B208-4BD344DE365A}.Debug|Any CPU.ActiveCfg = Debug|Any CPU
		{3C2268B5-27FC-47BC-B208-4BD344DE365A}.Debug|Any CPU.Build.0 = Debug|Any CPU
		{3C2268B5-27FC-47BC-B208-4BD344DE365A}.Release|Any CPU.ActiveCfg = Release|Any CPU
		{3C2268B5-27FC-47BC-B208-4BD344DE365A}.Release|Any CPU.Build.0 = Release|Any CPU
	EndGlobalSection
	GlobalSection(SolutionProperties) = preSolution
		HideSolutionNode = FALSE
	EndGlobalSection
	GlobalSection(ExtensibilityGlobals) = postSolution
		SolutionGuid = {01C3BDF5-6FA0-4683-9B29-D493A63FAB13}
	EndGlobalSection
EndGlobal
